// !$*UTF8*$!
{
	archiveVersion = 1;
	classes = {
	};
	objectVersion = 50;
	objects = {

/* Begin PBXBuildFile section */
		641E731D21F55E8500AC7F2F /* DYSearchBar.swift in Sources */ = {isa = PBXBuildFile; fileRef = 641E731C21F55E8500AC7F2F /* DYSearchBar.swift */; };
		641E732421F5E5B100AC7F2F /* UIBarButtonItem+FixSpace.swift in Sources */ = {isa = PBXBuildFile; fileRef = 641E732321F5E5B100AC7F2F /* UIBarButtonItem+FixSpace.swift */; };
		641E732621F5E60600AC7F2F /* DispatchQueue+Extension.swift in Sources */ = {isa = PBXBuildFile; fileRef = 641E732521F5E60600AC7F2F /* DispatchQueue+Extension.swift */; };
		641E732A21F7144500AC7F2F /* DYPageView.swift in Sources */ = {isa = PBXBuildFile; fileRef = 641E732921F7144500AC7F2F /* DYPageView.swift */; };
		641EC1DC21D3921800EB3832 /* AppDelegate.swift in Sources */ = {isa = PBXBuildFile; fileRef = 641EC1DB21D3921800EB3832 /* AppDelegate.swift */; };
		641EC1E121D3921800EB3832 /* Main.storyboard in Resources */ = {isa = PBXBuildFile; fileRef = 641EC1DF21D3921800EB3832 /* Main.storyboard */; };
		641EC1E321D3921900EB3832 /* Assets.xcassets in Resources */ = {isa = PBXBuildFile; fileRef = 641EC1E221D3921900EB3832 /* Assets.xcassets */; };
		64ED094821F05DF800A5C610 /* gif_tabYuba.gif in Resources */ = {isa = PBXBuildFile; fileRef = 64ED094321F05DF800A5C610 /* gif_tabYuba.gif */; };
		64ED094921F05DF800A5C610 /* gif_tabDiscovery.gif in Resources */ = {isa = PBXBuildFile; fileRef = 64ED094421F05DF800A5C610 /* gif_tabDiscovery.gif */; };
		64ED094A21F05DF800A5C610 /* gif_tabLive.gif in Resources */ = {isa = PBXBuildFile; fileRef = 64ED094521F05DF800A5C610 /* gif_tabLive.gif */; };
		64ED094B21F05DF800A5C610 /* gif_tabYule.gif in Resources */ = {isa = PBXBuildFile; fileRef = 64ED094621F05DF800A5C610 /* gif_tabYule.gif */; };
		64ED094C21F05DF800A5C610 /* gif_tabFocus.gif in Resources */ = {isa = PBXBuildFile; fileRef = 64ED094721F05DF800A5C610 /* gif_tabFocus.gif */; };
		64ED094E21F0608700A5C610 /* DYTabBarController.swift in Sources */ = {isa = PBXBuildFile; fileRef = 64ED094D21F0608700A5C610 /* DYTabBarController.swift */; };
		64ED095021F060AD00A5C610 /* DYNavigationController.swift in Sources */ = {isa = PBXBuildFile; fileRef = 64ED094F21F060AD00A5C610 /* DYNavigationController.swift */; };
		64ED095421F1691B00A5C610 /* DYRecommendController.swift in Sources */ = {isa = PBXBuildFile; fileRef = 64ED095321F1691B00A5C610 /* DYRecommendController.swift */; };
		64ED095621F1694F00A5C610 /* DYEntertainmentController.swift in Sources */ = {isa = PBXBuildFile; fileRef = 64ED095521F1694F00A5C610 /* DYEntertainmentController.swift */; };
		64ED095821F1697D00A5C610 /* DYFollowController.swift in Sources */ = {isa = PBXBuildFile; fileRef = 64ED095721F1697D00A5C610 /* DYFollowController.swift */; };
		64ED095A21F169AC00A5C610 /* DYYuBaController.swift in Sources */ = {isa = PBXBuildFile; fileRef = 64ED095921F169AC00A5C610 /* DYYuBaController.swift */; };
		64ED095C21F169C900A5C610 /* DYDiscveryController.swift in Sources */ = {isa = PBXBuildFile; fileRef = 64ED095B21F169C900A5C610 /* DYDiscveryController.swift */; };
		64ED095E21F1749700A5C610 /* UIView+Extension.swift in Sources */ = {isa = PBXBuildFile; fileRef = 64ED095D21F1749600A5C610 /* UIView+Extension.swift */; };
		64ED096021F1828C00A5C610 /* UIImageView+Extension.swift in Sources */ = {isa = PBXBuildFile; fileRef = 64ED095F21F1828C00A5C610 /* UIImageView+Extension.swift */; };
		64ED096321F1AE0500A5C610 /* DYConst.swift in Sources */ = {isa = PBXBuildFile; fileRef = 64ED096221F1AE0500A5C610 /* DYConst.swift */; };
		64ED096521F1BDF600A5C610 /* UIImage+Extension.swift in Sources */ = {isa = PBXBuildFile; fileRef = 64ED096421F1BDF600A5C610 /* UIImage+Extension.swift */; };
		64ED096721F1C61200A5C610 /* UIColor+Extension.swift in Sources */ = {isa = PBXBuildFile; fileRef = 64ED096621F1C61200A5C610 /* UIColor+Extension.swift */; };
		64ED096921F1CE2400A5C610 /* UIBarButtonItem+Extension.swift in Sources */ = {isa = PBXBuildFile; fileRef = 64ED096821F1CE2400A5C610 /* UIBarButtonItem+Extension.swift */; };
		64ED096B21F1D9F200A5C610 /* DYBaseViewController.swift in Sources */ = {isa = PBXBuildFile; fileRef = 64ED096A21F1D9F200A5C610 /* DYBaseViewController.swift */; };
		F7F63224BAEA4D6BAA898CD6 /* Pods_DouYuZB.framework in Frameworks */ = {isa = PBXBuildFile; fileRef = 549A3A7FCED4AED0E6EAAD10 /* Pods_DouYuZB.framework */; };
/* End PBXBuildFile section */

/* Begin PBXFileReference section */
		549A3A7FCED4AED0E6EAAD10 /* Pods_DouYuZB.framework */ = {isa = PBXFileReference; explicitFileType = wrapper.framework; includeInIndex = 0; path = Pods_DouYuZB.framework; sourceTree = BUILT_PRODUCTS_DIR; };
		641E731C21F55E8500AC7F2F /* DYSearchBar.swift */ = {isa = PBXFileReference; lastKnownFileType = sourcecode.swift; path = DYSearchBar.swift; sourceTree = "<group>"; };
		641E732321F5E5B100AC7F2F /* UIBarButtonItem+FixSpace.swift */ = {isa = PBXFileReference; lastKnownFileType = sourcecode.swift; path = "UIBarButtonItem+FixSpace.swift"; sourceTree = "<group>"; };
		641E732521F5E60600AC7F2F /* DispatchQueue+Extension.swift */ = {isa = PBXFileReference; lastKnownFileType = sourcecode.swift; path = "DispatchQueue+Extension.swift"; sourceTree = "<group>"; };
		641E732921F7144500AC7F2F /* DYPageView.swift */ = {isa = PBXFileReference; lastKnownFileType = sourcecode.swift; path = DYPageView.swift; sourceTree = "<group>"; };
		641EC1D821D3921800EB3832 /* DouYuZB.app */ = {isa = PBXFileReference; explicitFileType = wrapper.application; includeInIndex = 0; path = DouYuZB.app; sourceTree = BUILT_PRODUCTS_DIR; };
		641EC1DB21D3921800EB3832 /* AppDelegate.swift */ = {isa = PBXFileReference; lastKnownFileType = sourcecode.swift; path = AppDelegate.swift; sourceTree = "<group>"; };
		641EC1E021D3921800EB3832 /* Base */ = {isa = PBXFileReference; lastKnownFileType = file.storyboard; name = Base; path = Base.lproj/Main.storyboard; sourceTree = "<group>"; };
		641EC1E221D3921900EB3832 /* Assets.xcassets */ = {isa = PBXFileReference; lastKnownFileType = folder.assetcatalog; path = Assets.xcassets; sourceTree = "<group>"; };
		641EC1E721D3921900EB3832 /* Info.plist */ = {isa = PBXFileReference; lastKnownFileType = text.plist.xml; path = Info.plist; sourceTree = "<group>"; };
		64ED094321F05DF800A5C610 /* gif_tabYuba.gif */ = {isa = PBXFileReference; lastKnownFileType = image.gif; path = gif_tabYuba.gif; sourceTree = "<group>"; };
		64ED094421F05DF800A5C610 /* gif_tabDiscovery.gif */ = {isa = PBXFileReference; lastKnownFileType = image.gif; path = gif_tabDiscovery.gif; sourceTree = "<group>"; };
		64ED094521F05DF800A5C610 /* gif_tabLive.gif */ = {isa = PBXFileReference; lastKnownFileType = image.gif; path = gif_tabLive.gif; sourceTree = "<group>"; };
		64ED094621F05DF800A5C610 /* gif_tabYule.gif */ = {isa = PBXFileReference; lastKnownFileType = image.gif; path = gif_tabYule.gif; sourceTree = "<group>"; };
		64ED094721F05DF800A5C610 /* gif_tabFocus.gif */ = {isa = PBXFileReference; lastKnownFileType = image.gif; path = gif_tabFocus.gif; sourceTree = "<group>"; };
		64ED094D21F0608700A5C610 /* DYTabBarController.swift */ = {isa = PBXFileReference; lastKnownFileType = sourcecode.swift; path = DYTabBarController.swift; sourceTree = "<group>"; };
		64ED094F21F060AD00A5C610 /* DYNavigationController.swift */ = {isa = PBXFileReference; lastKnownFileType = sourcecode.swift; path = DYNavigationController.swift; sourceTree = "<group>"; };
		64ED095321F1691B00A5C610 /* DYRecommendController.swift */ = {isa = PBXFileReference; lastKnownFileType = sourcecode.swift; path = DYRecommendController.swift; sourceTree = "<group>"; };
		64ED095521F1694F00A5C610 /* DYEntertainmentController.swift */ = {isa = PBXFileReference; lastKnownFileType = sourcecode.swift; path = DYEntertainmentController.swift; sourceTree = "<group>"; };
		64ED095721F1697D00A5C610 /* DYFollowController.swift */ = {isa = PBXFileReference; lastKnownFileType = sourcecode.swift; path = DYFollowController.swift; sourceTree = "<group>"; };
		64ED095921F169AC00A5C610 /* DYYuBaController.swift */ = {isa = PBXFileReference; lastKnownFileType = sourcecode.swift; path = DYYuBaController.swift; sourceTree = "<group>"; };
		64ED095B21F169C900A5C610 /* DYDiscveryController.swift */ = {isa = PBXFileReference; lastKnownFileType = sourcecode.swift; path = DYDiscveryController.swift; sourceTree = "<group>"; };
		64ED095D21F1749600A5C610 /* UIView+Extension.swift */ = {isa = PBXFileReference; fileEncoding = 4; lastKnownFileType = sourcecode.swift; path = "UIView+Extension.swift"; sourceTree = "<group>"; };
		64ED095F21F1828C00A5C610 /* UIImageView+Extension.swift */ = {isa = PBXFileReference; lastKnownFileType = sourcecode.swift; path = "UIImageView+Extension.swift"; sourceTree = "<group>"; };
		64ED096221F1AE0500A5C610 /* DYConst.swift */ = {isa = PBXFileReference; lastKnownFileType = sourcecode.swift; path = DYConst.swift; sourceTree = "<group>"; };
		64ED096421F1BDF600A5C610 /* UIImage+Extension.swift */ = {isa = PBXFileReference; lastKnownFileType = sourcecode.swift; path = "UIImage+Extension.swift"; sourceTree = "<group>"; };
		64ED096621F1C61200A5C610 /* UIColor+Extension.swift */ = {isa = PBXFileReference; lastKnownFileType = sourcecode.swift; path = "UIColor+Extension.swift"; sourceTree = "<group>"; };
		64ED096821F1CE2400A5C610 /* UIBarButtonItem+Extension.swift */ = {isa = PBXFileReference; lastKnownFileType = sourcecode.swift; path = "UIBarButtonItem+Extension.swift"; sourceTree = "<group>"; };
		64ED096A21F1D9F200A5C610 /* DYBaseViewController.swift */ = {isa = PBXFileReference; lastKnownFileType = sourcecode.swift; path = DYBaseViewController.swift; sourceTree = "<group>"; };
		7A2335D7AAECB6C87A123287 /* Pods-DouYuZB.debug.xcconfig */ = {isa = PBXFileReference; includeInIndex = 1; lastKnownFileType = text.xcconfig; name = "Pods-DouYuZB.debug.xcconfig"; path = "Pods/Target Support Files/Pods-DouYuZB/Pods-DouYuZB.debug.xcconfig"; sourceTree = "<group>"; };
		EB448D833977C9C54FB77EFC /* Pods-DouYuZB.release.xcconfig */ = {isa = PBXFileReference; includeInIndex = 1; lastKnownFileType = text.xcconfig; name = "Pods-DouYuZB.release.xcconfig"; path = "Pods/Target Support Files/Pods-DouYuZB/Pods-DouYuZB.release.xcconfig"; sourceTree = "<group>"; };
/* End PBXFileReference section */

/* Begin PBXFrameworksBuildPhase section */
		641EC1D521D3921800EB3832 /* Frameworks */ = {
			isa = PBXFrameworksBuildPhase;
			buildActionMask = 2147483647;
			files = (
				F7F63224BAEA4D6BAA898CD6 /* Pods_DouYuZB.framework in Frameworks */,
			);
			runOnlyForDeploymentPostprocessing = 0;
		};
/* End PBXFrameworksBuildPhase section */

/* Begin PBXGroup section */
		641EC1CF21D3921800EB3832 = {
			isa = PBXGroup;
			children = (
				641EC1DA21D3921800EB3832 /* DouYuZB */,
				641EC1D921D3921800EB3832 /* Products */,
				F594D47B5D0F52EC16875F19 /* Pods */,
				FC19AAA3312197955D864E99 /* Frameworks */,
			);
			sourceTree = "<group>";
		};
		641EC1D921D3921800EB3832 /* Products */ = {
			isa = PBXGroup;
			children = (
				641EC1D821D3921800EB3832 /* DouYuZB.app */,
			);
			name = Products;
			sourceTree = "<group>";
		};
		641EC1DA21D3921800EB3832 /* DouYuZB */ = {
			isa = PBXGroup;
			children = (
				64ED091F21F05C0800A5C610 /* Classes */,
				64ED093921F05CFA00A5C610 /* Resources */,
				641EC1E721D3921900EB3832 /* Info.plist */,
			);
			path = DouYuZB;
			sourceTree = "<group>";
		};
		64ED091F21F05C0800A5C610 /* Classes */ = {
			isa = PBXGroup;
			children = (
				641EC1DB21D3921800EB3832 /* AppDelegate.swift */,
				64ED093E21F05D4400A5C610 /* Main(主要) */,
				64ED092421F05C0800A5C610 /* Recommend(推荐) */,
				64ED092821F05C0800A5C610 /* Entertainment(娱乐) */,
				64ED092021F05C0800A5C610 /* Follow(关注) */,
				64ED092C21F05C0800A5C610 /* Yuba(鱼吧) */,
				64ED093021F05C0800A5C610 /* Discover(发现) */,
				64ED093B21F05D1900A5C610 /* Public(公用的) */,
			);
			path = Classes;
			sourceTree = "<group>";
		};
		64ED092021F05C0800A5C610 /* Follow(关注) */ = {
			isa = PBXGroup;
			children = (
				64ED092121F05C0800A5C610 /* Controller */,
				64ED092221F05C0800A5C610 /* Model */,
				64ED092321F05C0800A5C610 /* View */,
			);
			path = "Follow(关注)";
			sourceTree = "<group>";
		};
		64ED092121F05C0800A5C610 /* Controller */ = {
			isa = PBXGroup;
			children = (
				64ED095721F1697D00A5C610 /* DYFollowController.swift */,
			);
			path = Controller;
			sourceTree = "<group>";
		};
		64ED092221F05C0800A5C610 /* Model */ = {
			isa = PBXGroup;
			children = (
			);
			path = Model;
			sourceTree = "<group>";
		};
		64ED092321F05C0800A5C610 /* View */ = {
			isa = PBXGroup;
			children = (
			);
			path = View;
			sourceTree = "<group>";
		};
		64ED092421F05C0800A5C610 /* Recommend(推荐) */ = {
			isa = PBXGroup;
			children = (
				64ED092521F05C0800A5C610 /* Controller */,
				64ED092621F05C0800A5C610 /* Model */,
				64ED092721F05C0800A5C610 /* View */,
			);
			path = "Recommend(推荐)";
			sourceTree = "<group>";
		};
		64ED092521F05C0800A5C610 /* Controller */ = {
			isa = PBXGroup;
			children = (
				64ED095321F1691B00A5C610 /* DYRecommendController.swift */,
			);
			path = Controller;
			sourceTree = "<group>";
		};
		64ED092621F05C0800A5C610 /* Model */ = {
			isa = PBXGroup;
			children = (
			);
			path = Model;
			sourceTree = "<group>";
		};
		64ED092721F05C0800A5C610 /* View */ = {
			isa = PBXGroup;
			children = (
			);
			path = View;
			sourceTree = "<group>";
		};
		64ED092821F05C0800A5C610 /* Entertainment(娱乐) */ = {
			isa = PBXGroup;
			children = (
				64ED092921F05C0800A5C610 /* Controller */,
				64ED092A21F05C0800A5C610 /* Model */,
				64ED092B21F05C0800A5C610 /* View */,
			);
			path = "Entertainment(娱乐)";
			sourceTree = "<group>";
		};
		64ED092921F05C0800A5C610 /* Controller */ = {
			isa = PBXGroup;
			children = (
				64ED095521F1694F00A5C610 /* DYEntertainmentController.swift */,
			);
			path = Controller;
			sourceTree = "<group>";
		};
		64ED092A21F05C0800A5C610 /* Model */ = {
			isa = PBXGroup;
			children = (
			);
			path = Model;
			sourceTree = "<group>";
		};
		64ED092B21F05C0800A5C610 /* View */ = {
			isa = PBXGroup;
			children = (
			);
			path = View;
			sourceTree = "<group>";
		};
		64ED092C21F05C0800A5C610 /* Yuba(鱼吧) */ = {
			isa = PBXGroup;
			children = (
				64ED092D21F05C0800A5C610 /* Controller */,
				64ED092E21F05C0800A5C610 /* Model */,
				64ED092F21F05C0800A5C610 /* View */,
			);
			path = "Yuba(鱼吧)";
			sourceTree = "<group>";
		};
		64ED092D21F05C0800A5C610 /* Controller */ = {
			isa = PBXGroup;
			children = (
				64ED095921F169AC00A5C610 /* DYYuBaController.swift */,
			);
			path = Controller;
			sourceTree = "<group>";
		};
		64ED092E21F05C0800A5C610 /* Model */ = {
			isa = PBXGroup;
			children = (
			);
			path = Model;
			sourceTree = "<group>";
		};
		64ED092F21F05C0800A5C610 /* View */ = {
			isa = PBXGroup;
			children = (
			);
			path = View;
			sourceTree = "<group>";
		};
		64ED093021F05C0800A5C610 /* Discover(发现) */ = {
			isa = PBXGroup;
			children = (
				64ED093121F05C0800A5C610 /* Controller */,
				64ED093221F05C0800A5C610 /* Model */,
				64ED093321F05C0800A5C610 /* View */,
			);
			path = "Discover(发现)";
			sourceTree = "<group>";
		};
		64ED093121F05C0800A5C610 /* Controller */ = {
			isa = PBXGroup;
			children = (
				64ED095B21F169C900A5C610 /* DYDiscveryController.swift */,
			);
			path = Controller;
			sourceTree = "<group>";
		};
		64ED093221F05C0800A5C610 /* Model */ = {
			isa = PBXGroup;
			children = (
			);
			path = Model;
			sourceTree = "<group>";
		};
		64ED093321F05C0800A5C610 /* View */ = {
			isa = PBXGroup;
			children = (
			);
			path = View;
			sourceTree = "<group>";
		};
		64ED093921F05CFA00A5C610 /* Resources */ = {
			isa = PBXGroup;
			children = (
				641EC1E221D3921900EB3832 /* Assets.xcassets */,
				64ED093A21F05CFA00A5C610 /* Images */,
			);
			path = Resources;
			sourceTree = "<group>";
		};
		64ED093A21F05CFA00A5C610 /* Images */ = {
			isa = PBXGroup;
			children = (
				64ED094221F05DCB00A5C610 /* tabBar */,
			);
			path = Images;
			sourceTree = "<group>";
		};
		64ED093B21F05D1900A5C610 /* Public(公用的) */ = {
			isa = PBXGroup;
			children = (
				64ED096121F1ADDE00A5C610 /* Const */,
				64ED093C21F05D1900A5C610 /* Tools */,
				64ED093D21F05D1900A5C610 /* Extensions */,
			);
			path = "Public(公用的)";
			sourceTree = "<group>";
		};
		64ED093C21F05D1900A5C610 /* Tools */ = {
			isa = PBXGroup;
			children = (
			);
			path = Tools;
			sourceTree = "<group>";
		};
		64ED093D21F05D1900A5C610 /* Extensions */ = {
			isa = PBXGroup;
			children = (
				64ED095D21F1749600A5C610 /* UIView+Extension.swift */,
				64ED095F21F1828C00A5C610 /* UIImageView+Extension.swift */,
				64ED096421F1BDF600A5C610 /* UIImage+Extension.swift */,
				64ED096621F1C61200A5C610 /* UIColor+Extension.swift */,
				64ED096821F1CE2400A5C610 /* UIBarButtonItem+Extension.swift */,
				641E732321F5E5B100AC7F2F /* UIBarButtonItem+FixSpace.swift */,
				641E732521F5E60600AC7F2F /* DispatchQueue+Extension.swift */,
			);
			path = Extensions;
			sourceTree = "<group>";
		};
		64ED093E21F05D4400A5C610 /* Main(主要) */ = {
			isa = PBXGroup;
			children = (
				64ED093F21F05D4400A5C610 /* Controller */,
				64ED094021F05D4400A5C610 /* Model */,
				64ED094121F05D4400A5C610 /* View */,
			);
			path = "Main(主要)";
			sourceTree = "<group>";
		};
		64ED093F21F05D4400A5C610 /* Controller */ = {
			isa = PBXGroup;
			children = (
				641EC1DF21D3921800EB3832 /* Main.storyboard */,
				64ED094D21F0608700A5C610 /* DYTabBarController.swift */,
				64ED094F21F060AD00A5C610 /* DYNavigationController.swift */,
				64ED096A21F1D9F200A5C610 /* DYBaseViewController.swift */,
			);
			path = Controller;
			sourceTree = "<group>";
		};
		64ED094021F05D4400A5C610 /* Model */ = {
			isa = PBXGroup;
			children = (
			);
			path = Model;
			sourceTree = "<group>";
		};
		64ED094121F05D4400A5C610 /* View */ = {
			isa = PBXGroup;
			children = (
				641E731C21F55E8500AC7F2F /* DYSearchBar.swift */,
				641E732921F7144500AC7F2F /* DYPageView.swift */,
			);
			path = View;
			sourceTree = "<group>";
		};
		64ED094221F05DCB00A5C610 /* tabBar */ = {
			isa = PBXGroup;
			children = (
				64ED094421F05DF800A5C610 /* gif_tabDiscovery.gif */,
				64ED094721F05DF800A5C610 /* gif_tabFocus.gif */,
				64ED094521F05DF800A5C610 /* gif_tabLive.gif */,
				64ED094321F05DF800A5C610 /* gif_tabYuba.gif */,
				64ED094621F05DF800A5C610 /* gif_tabYule.gif */,
			);
			path = tabBar;
			sourceTree = "<group>";
		};
		64ED096121F1ADDE00A5C610 /* Const */ = {
			isa = PBXGroup;
			children = (
				64ED096221F1AE0500A5C610 /* DYConst.swift */,
			);
			path = Const;
			sourceTree = "<group>";
		};
		F594D47B5D0F52EC16875F19 /* Pods */ = {
			isa = PBXGroup;
			children = (
				7A2335D7AAECB6C87A123287 /* Pods-DouYuZB.debug.xcconfig */,
				EB448D833977C9C54FB77EFC /* Pods-DouYuZB.release.xcconfig */,
			);
			name = Pods;
			sourceTree = "<group>";
		};
		FC19AAA3312197955D864E99 /* Frameworks */ = {
			isa = PBXGroup;
			children = (
				549A3A7FCED4AED0E6EAAD10 /* Pods_DouYuZB.framework */,
			);
			name = Frameworks;
			sourceTree = "<group>";
		};
/* End PBXGroup section */

/* Begin PBXNativeTarget section */
		641EC1D721D3921800EB3832 /* DouYuZB */ = {
			isa = PBXNativeTarget;
			buildConfigurationList = 641EC1EA21D3921900EB3832 /* Build configuration list for PBXNativeTarget "DouYuZB" */;
			buildPhases = (
				38F10F07E21125CC93D6B5D5 /* [CP] Check Pods Manifest.lock */,
				641EC1D421D3921800EB3832 /* Sources */,
				641EC1D521D3921800EB3832 /* Frameworks */,
				641EC1D621D3921800EB3832 /* Resources */,
				AADD65301DC3518757A622EF /* [CP] Embed Pods Frameworks */,
				643CA20F21F7F92A001CF4FE /* ShellScript */,
			);
			buildRules = (
			);
			dependencies = (
			);
			name = DouYuZB;
			productName = DouYuZB;
			productReference = 641EC1D821D3921800EB3832 /* DouYuZB.app */;
			productType = "com.apple.product-type.application";
		};
/* End PBXNativeTarget section */

/* Begin PBXProject section */
		641EC1D021D3921800EB3832 /* Project object */ = {
			isa = PBXProject;
			attributes = {
				CLASSPREFIX = DY;
				LastSwiftUpdateCheck = 1000;
				LastUpgradeCheck = 1000;
				ORGANIZATIONNAME = StevenWu;
				TargetAttributes = {
					641EC1D721D3921800EB3832 = {
						CreatedOnToolsVersion = 10.0;
					};
				};
			};
			buildConfigurationList = 641EC1D321D3921800EB3832 /* Build configuration list for PBXProject "DouYuZB" */;
			compatibilityVersion = "Xcode 9.3";
			developmentRegion = en;
			hasScannedForEncodings = 0;
			knownRegions = (
				en,
				Base,
			);
			mainGroup = 641EC1CF21D3921800EB3832;
			productRefGroup = 641EC1D921D3921800EB3832 /* Products */;
			projectDirPath = "";
			projectRoot = "";
			targets = (
				641EC1D721D3921800EB3832 /* DouYuZB */,
			);
		};
/* End PBXProject section */

/* Begin PBXResourcesBuildPhase section */
		641EC1D621D3921800EB3832 /* Resources */ = {
			isa = PBXResourcesBuildPhase;
			buildActionMask = 2147483647;
			files = (
				64ED094B21F05DF800A5C610 /* gif_tabYule.gif in Resources */,
				64ED094921F05DF800A5C610 /* gif_tabDiscovery.gif in Resources */,
				64ED094C21F05DF800A5C610 /* gif_tabFocus.gif in Resources */,
				64ED094821F05DF800A5C610 /* gif_tabYuba.gif in Resources */,
				641EC1E321D3921900EB3832 /* Assets.xcassets in Resources */,
				64ED094A21F05DF800A5C610 /* gif_tabLive.gif in Resources */,
				641EC1E121D3921800EB3832 /* Main.storyboard in Resources */,
			);
			runOnlyForDeploymentPostprocessing = 0;
		};
/* End PBXResourcesBuildPhase section */

/* Begin PBXShellScriptBuildPhase section */
		38F10F07E21125CC93D6B5D5 /* [CP] Check Pods Manifest.lock */ = {
			isa = PBXShellScriptBuildPhase;
			buildActionMask = 2147483647;
			files = (
			);
			inputFileListPaths = (
			);
			inputPaths = (
				"${PODS_PODFILE_DIR_PATH}/Podfile.lock",
				"${PODS_ROOT}/Manifest.lock",
			);
			name = "[CP] Check Pods Manifest.lock";
			outputFileListPaths = (
			);
			outputPaths = (
				"$(DERIVED_FILE_DIR)/Pods-DouYuZB-checkManifestLockResult.txt",
			);
			runOnlyForDeploymentPostprocessing = 0;
			shellPath = /bin/sh;
			shellScript = "diff \"${PODS_PODFILE_DIR_PATH}/Podfile.lock\" \"${PODS_ROOT}/Manifest.lock\" > /dev/null\nif [ $? != 0 ] ; then\n    # print error to STDERR\n    echo \"error: The sandbox is not in sync with the Podfile.lock. Run 'pod install' or update your CocoaPods installation.\" >&2\n    exit 1\nfi\n# This output is used by Xcode 'outputs' to avoid re-running this script phase.\necho \"SUCCESS\" > \"${SCRIPT_OUTPUT_FILE_0}\"\n";
			showEnvVarsInLog = 0;
		};
		643CA20F21F7F92A001CF4FE /* ShellScript */ = {
			isa = PBXShellScriptBuildPhase;
			buildActionMask = 2147483647;
			files = (
			);
			inputFileListPaths = (
			);
			inputPaths = (
			);
			outputFileListPaths = (
			);
			outputPaths = (
			);
			runOnlyForDeploymentPostprocessing = 0;
			shellPath = /bin/sh;
			shellScript = "TAGS=\"TODO:|FIXME:\"\necho \"searching ${SRCROOT} for ${TAGS}\"\nfind \"${SRCROOT}\" \\( -name \"*.swift\" \\) -print0 | xargs -0 egrep --with-filename --line-number --only-matching \"($TAGS).*\\$\" | perl -p -e \"s/($TAGS)/ warning: \\$1/\"\n";
		};
		AADD65301DC3518757A622EF /* [CP] Embed Pods Frameworks */ = {
			isa = PBXShellScriptBuildPhase;
			buildActionMask = 2147483647;
			files = (
			);
			inputFileListPaths = (
			);
			inputPaths = (
				"${SRCROOT}/Pods/Target Support Files/Pods-DouYuZB/Pods-DouYuZB-frameworks.sh",
				"${BUILT_PRODUCTS_DIR}/FLAnimatedImage/FLAnimatedImage.framework",
				"${BUILT_PRODUCTS_DIR}/SDWebImage/SDWebImage.framework",
			);
			name = "[CP] Embed Pods Frameworks";
			outputFileListPaths = (
			);
			outputPaths = (
				"${TARGET_BUILD_DIR}/${FRAMEWORKS_FOLDER_PATH}/FLAnimatedImage.framework",
				"${TARGET_BUILD_DIR}/${FRAMEWORKS_FOLDER_PATH}/SDWebImage.framework",
			);
			runOnlyForDeploymentPostprocessing = 0;
			shellPath = /bin/sh;
			shellScript = "\"${SRCROOT}/Pods/Target Support Files/Pods-DouYuZB/Pods-DouYuZB-frameworks.sh\"\n";
			showEnvVarsInLog = 0;
		};
/* End PBXShellScriptBuildPhase section */

/* Begin PBXSourcesBuildPhase section */
		641EC1D421D3921800EB3832 /* Sources */ = {
			isa = PBXSourcesBuildPhase;
			buildActionMask = 2147483647;
			files = (
				64ED096521F1BDF600A5C610 /* UIImage+Extension.swift in Sources */,
				641E732621F5E60600AC7F2F /* DispatchQueue+Extension.swift in Sources */,
				64ED095821F1697D00A5C610 /* DYFollowController.swift in Sources */,
				64ED094E21F0608700A5C610 /* DYTabBarController.swift in Sources */,
				64ED095C21F169C900A5C610 /* DYDiscveryController.swift in Sources */,
				641E731D21F55E8500AC7F2F /* DYSearchBar.swift in Sources */,
				641E732A21F7144500AC7F2F /* DYPageView.swift in Sources */,
				641EC1DC21D3921800EB3832 /* AppDelegate.swift in Sources */,
				64ED096321F1AE0500A5C610 /* DYConst.swift in Sources */,
				641E732421F5E5B100AC7F2F /* UIBarButtonItem+FixSpace.swift in Sources */,
				64ED095A21F169AC00A5C610 /* DYYuBaController.swift in Sources */,
				64ED096921F1CE2400A5C610 /* UIBarButtonItem+Extension.swift in Sources */,
				64ED096721F1C61200A5C610 /* UIColor+Extension.swift in Sources */,
				64ED095621F1694F00A5C610 /* DYEntertainmentController.swift in Sources */,
				64ED096021F1828C00A5C610 /* UIImageView+Extension.swift in Sources */,
				64ED096B21F1D9F200A5C610 /* DYBaseViewController.swift in Sources */,
				64ED095021F060AD00A5C610 /* DYNavigationController.swift in Sources */,
				64ED095E21F1749700A5C610 /* UIView+Extension.swift in Sources */,
				64ED095421F1691B00A5C610 /* DYRecommendController.swift in Sources */,
			);
			runOnlyForDeploymentPostprocessing = 0;
		};
/* End PBXSourcesBuildPhase section */

/* Begin PBXVariantGroup section */
		641EC1DF21D3921800EB3832 /* Main.storyboard */ = {
			isa = PBXVariantGroup;
			children = (
				641EC1E021D3921800EB3832 /* Base */,
			);
			name = Main.storyboard;
			sourceTree = "<group>";
		};
/* End PBXVariantGroup section */

/* Begin XCBuildConfiguration section */
		641EC1E821D3921900EB3832 /* Debug */ = {
			isa = XCBuildConfiguration;
			buildSettings = {
				ALWAYS_SEARCH_USER_PATHS = NO;
				CLANG_ANALYZER_NONNULL = YES;
				CLANG_ANALYZER_NUMBER_OBJECT_CONVERSION = YES_AGGRESSIVE;
				CLANG_CXX_LANGUAGE_STANDARD = "gnu++14";
				CLANG_CXX_LIBRARY = "libc++";
				CLANG_ENABLE_MODULES = YES;
				CLANG_ENABLE_OBJC_ARC = YES;
				CLANG_ENABLE_OBJC_WEAK = YES;
				CLANG_WARN_BLOCK_CAPTURE_AUTORELEASING = YES;
				CLANG_WARN_BOOL_CONVERSION = YES;
				CLANG_WARN_COMMA = YES;
				CLANG_WARN_CONSTANT_CONVERSION = YES;
				CLANG_WARN_DEPRECATED_OBJC_IMPLEMENTATIONS = YES;
				CLANG_WARN_DIRECT_OBJC_ISA_USAGE = YES_ERROR;
				CLANG_WARN_DOCUMENTATION_COMMENTS = YES;
				CLANG_WARN_EMPTY_BODY = YES;
				CLANG_WARN_ENUM_CONVERSION = YES;
				CLANG_WARN_INFINITE_RECURSION = YES;
				CLANG_WARN_INT_CONVERSION = YES;
				CLANG_WARN_NON_LITERAL_NULL_CONVERSION = YES;
				CLANG_WARN_OBJC_IMPLICIT_RETAIN_SELF = YES;
				CLANG_WARN_OBJC_LITERAL_CONVERSION = YES;
				CLANG_WARN_OBJC_ROOT_CLASS = YES_ERROR;
				CLANG_WARN_RANGE_LOOP_ANALYSIS = YES;
				CLANG_WARN_STRICT_PROTOTYPES = YES;
				CLANG_WARN_SUSPICIOUS_MOVE = YES;
				CLANG_WARN_UNGUARDED_AVAILABILITY = YES_AGGRESSIVE;
				CLANG_WARN_UNREACHABLE_CODE = YES;
				CLANG_WARN__DUPLICATE_METHOD_MATCH = YES;
				CODE_SIGN_IDENTITY = "iPhone Developer";
				COPY_PHASE_STRIP = NO;
				DEBUG_INFORMATION_FORMAT = dwarf;
				ENABLE_STRICT_OBJC_MSGSEND = YES;
				ENABLE_TESTABILITY = YES;
				GCC_C_LANGUAGE_STANDARD = gnu11;
				GCC_DYNAMIC_NO_PIC = NO;
				GCC_NO_COMMON_BLOCKS = YES;
				GCC_OPTIMIZATION_LEVEL = 0;
				GCC_PREPROCESSOR_DEFINITIONS = (
					"DEBUG=1",
					"$(inherited)",
				);
				GCC_WARN_64_TO_32_BIT_CONVERSION = YES;
				GCC_WARN_ABOUT_RETURN_TYPE = YES_ERROR;
				GCC_WARN_UNDECLARED_SELECTOR = YES;
				GCC_WARN_UNINITIALIZED_AUTOS = YES_AGGRESSIVE;
				GCC_WARN_UNUSED_FUNCTION = YES;
				GCC_WARN_UNUSED_VARIABLE = YES;
				IPHONEOS_DEPLOYMENT_TARGET = 12.0;
				MTL_ENABLE_DEBUG_INFO = INCLUDE_SOURCE;
				MTL_FAST_MATH = YES;
				ONLY_ACTIVE_ARCH = YES;
				SDKROOT = iphoneos;
				SWIFT_ACTIVE_COMPILATION_CONDITIONS = DEBUG;
				SWIFT_OPTIMIZATION_LEVEL = "-Onone";
			};
			name = Debug;
		};
		641EC1E921D3921900EB3832 /* Release */ = {
			isa = XCBuildConfiguration;
			buildSettings = {
				ALWAYS_SEARCH_USER_PATHS = NO;
				CLANG_ANALYZER_NONNULL = YES;
				CLANG_ANALYZER_NUMBER_OBJECT_CONVERSION = YES_AGGRESSIVE;
				CLANG_CXX_LANGUAGE_STANDARD = "gnu++14";
				CLANG_CXX_LIBRARY = "libc++";
				CLANG_ENABLE_MODULES = YES;
				CLANG_ENABLE_OBJC_ARC = YES;
				CLANG_ENABLE_OBJC_WEAK = YES;
				CLANG_WARN_BLOCK_CAPTURE_AUTORELEASING = YES;
				CLANG_WARN_BOOL_CONVERSION = YES;
				CLANG_WARN_COMMA = YES;
				CLANG_WARN_CONSTANT_CONVERSION = YES;
				CLANG_WARN_DEPRECATED_OBJC_IMPLEMENTATIONS = YES;
				CLANG_WARN_DIRECT_OBJC_ISA_USAGE = YES_ERROR;
				CLANG_WARN_DOCUMENTATION_COMMENTS = YES;
				CLANG_WARN_EMPTY_BODY = YES;
				CLANG_WARN_ENUM_CONVERSION = YES;
				CLANG_WARN_INFINITE_RECURSION = YES;
				CLANG_WARN_INT_CONVERSION = YES;
				CLANG_WARN_NON_LITERAL_NULL_CONVERSION = YES;
				CLANG_WARN_OBJC_IMPLICIT_RETAIN_SELF = YES;
				CLANG_WARN_OBJC_LITERAL_CONVERSION = YES;
				CLANG_WARN_OBJC_ROOT_CLASS = YES_ERROR;
				CLANG_WARN_RANGE_LOOP_ANALYSIS = YES;
				CLANG_WARN_STRICT_PROTOTYPES = YES;
				CLANG_WARN_SUSPICIOUS_MOVE = YES;
				CLANG_WARN_UNGUARDED_AVAILABILITY = YES_AGGRESSIVE;
				CLANG_WARN_UNREACHABLE_CODE = YES;
				CLANG_WARN__DUPLICATE_METHOD_MATCH = YES;
				CODE_SIGN_IDENTITY = "iPhone Developer";
				COPY_PHASE_STRIP = NO;
				DEBUG_INFORMATION_FORMAT = "dwarf-with-dsym";
				ENABLE_NS_ASSERTIONS = NO;
				ENABLE_STRICT_OBJC_MSGSEND = YES;
				GCC_C_LANGUAGE_STANDARD = gnu11;
				GCC_NO_COMMON_BLOCKS = YES;
				GCC_WARN_64_TO_32_BIT_CONVERSION = YES;
				GCC_WARN_ABOUT_RETURN_TYPE = YES_ERROR;
				GCC_WARN_UNDECLARED_SELECTOR = YES;
				GCC_WARN_UNINITIALIZED_AUTOS = YES_AGGRESSIVE;
				GCC_WARN_UNUSED_FUNCTION = YES;
				GCC_WARN_UNUSED_VARIABLE = YES;
				IPHONEOS_DEPLOYMENT_TARGET = 12.0;
				MTL_ENABLE_DEBUG_INFO = NO;
				MTL_FAST_MATH = YES;
				SDKROOT = iphoneos;
				SWIFT_COMPILATION_MODE = wholemodule;
				SWIFT_OPTIMIZATION_LEVEL = "-O";
				VALIDATE_PRODUCT = YES;
			};
			name = Release;
		};
		641EC1EB21D3921900EB3832 /* Debug */ = {
			isa = XCBuildConfiguration;
			baseConfigurationReference = 7A2335D7AAECB6C87A123287 /* Pods-DouYuZB.debug.xcconfig */;
			buildSettings = {
				ASSETCATALOG_COMPILER_APPICON_NAME = AppIcon;
				ASSETCATALOG_COMPILER_LAUNCHIMAGE_NAME = LaunchImage;
				CODE_SIGN_STYLE = Automatic;
				DEVELOPMENT_TEAM = 9L3FDUEJBD;
				INFOPLIST_FILE = DouYuZB/Info.plist;
				LD_RUNPATH_SEARCH_PATHS = (
					"$(inherited)",
					"@executable_path/Frameworks",
				);
				PRODUCT_BUNDLE_IDENTIFIER = com.pingan.china.DouYuZB;
				PRODUCT_NAME = "$(TARGET_NAME)";
				SWIFT_VERSION = 4.2;
				TARGETED_DEVICE_FAMILY = "1,2";
			};
			name = Debug;
		};
		641EC1EC21D3921900EB3832 /* Release */ = {
			isa = XCBuildConfiguration;
			baseConfigurationReference = EB448D833977C9C54FB77EFC /* Pods-DouYuZB.release.xcconfig */;
			buildSettings = {
				ASSETCATALOG_COMPILER_APPICON_NAME = AppIcon;
				ASSETCATALOG_COMPILER_LAUNCHIMAGE_NAME = LaunchImage;
				CODE_SIGN_STYLE = Automatic;
				DEVELOPMENT_TEAM = 9L3FDUEJBD;
				INFOPLIST_FILE = DouYuZB/Info.plist;
				LD_RUNPATH_SEARCH_PATHS = (
					"$(inherited)",
					"@executable_path/Frameworks",
				);
				PRODUCT_BUNDLE_IDENTIFIER = com.pingan.china.DouYuZB;
				PRODUCT_NAME = "$(TARGET_NAME)";
				SWIFT_VERSION = 4.2;
				TARGETED_DEVICE_FAMILY = "1,2";
			};
			name = Release;
		};
/* End XCBuildConfiguration section */

/* Begin XCConfigurationList section */
		641EC1D321D3921800EB3832 /* Build configuration list for PBXProject "DouYuZB" */ = {
			isa = XCConfigurationList;
			buildConfigurations = (
				641EC1E821D3921900EB3832 /* Debug */,
				641EC1E921D3921900EB3832 /* Release */,
			);
			defaultConfigurationIsVisible = 0;
			defaultConfigurationName = Release;
		};
		641EC1EA21D3921900EB3832 /* Build configuration list for PBXNativeTarget "DouYuZB" */ = {
			isa = XCConfigurationList;
			buildConfigurations = (
				641EC1EB21D3921900EB3832 /* Debug */,
				641EC1EC21D3921900EB3832 /* Release */,
			);
			defaultConfigurationIsVisible = 0;
			defaultConfigurationName = Release;
		};
/* End XCConfigurationList section */
	};
	rootObject = 641EC1D021D3921800EB3832 /* Project object */;
}
